// !$*UTF8*$!
{
	archiveVersion = 1;
	classes = {
	};
	objectVersion = 50;
	objects = {

/* Begin PBXBuildFile section */
		88F2AAF8232A6B7200DBE713 /* AppDelegate.swift in Sources */ = {isa = PBXBuildFile; fileRef = 88F2AAF7232A6B7200DBE713 /* AppDelegate.swift */; };
		88F2AAFA232A6B7200DBE713 /* MainVC.swift in Sources */ = {isa = PBXBuildFile; fileRef = 88F2AAF9232A6B7200DBE713 /* MainVC.swift */; };
		88F2AAFD232A6B7200DBE713 /* Main.storyboard in Resources */ = {isa = PBXBuildFile; fileRef = 88F2AAFB232A6B7200DBE713 /* Main.storyboard */; };
		88F2AAFF232A6B7300DBE713 /* Assets.xcassets in Resources */ = {isa = PBXBuildFile; fileRef = 88F2AAFE232A6B7300DBE713 /* Assets.xcassets */; };
		88F2AB02232A6B7300DBE713 /* LaunchScreen.storyboard in Resources */ = {isa = PBXBuildFile; fileRef = 88F2AB00232A6B7300DBE713 /* LaunchScreen.storyboard */; };
		88F2AB0F232A6CF800DBE713 /* TableViewCell.swift in Sources */ = {isa = PBXBuildFile; fileRef = 88F2AB0D232A6CF800DBE713 /* TableViewCell.swift */; };
		88F2AB10232A6CF800DBE713 /* TableViewCell.xib in Resources */ = {isa = PBXBuildFile; fileRef = 88F2AB0E232A6CF800DBE713 /* TableViewCell.xib */; };
		88F2AB14232A6D6F00DBE713 /* Posts.swift in Sources */ = {isa = PBXBuildFile; fileRef = 88F2AB13232A6D6F00DBE713 /* Posts.swift */; };
		88F2AB16232A6DC400DBE713 /* HTTPClient.swift in Sources */ = {isa = PBXBuildFile; fileRef = 88F2AB15232A6DC400DBE713 /* HTTPClient.swift */; };
/* End PBXBuildFile section */

/* Begin PBXFileReference section */
		88F2AAF4232A6B7200DBE713 /* TableViewPagination.app */ = {isa = PBXFileReference; explicitFileType = wrapper.application; includeInIndex = 0; path = TableViewPagination.app; sourceTree = BUILT_PRODUCTS_DIR; };
		88F2AAF7232A6B7200DBE713 /* AppDelegate.swift */ = {isa = PBXFileReference; lastKnownFileType = sourcecode.swift; path = AppDelegate.swift; sourceTree = "<group>"; };
		88F2AAF9232A6B7200DBE713 /* MainVC.swift */ = {isa = PBXFileReference; lastKnownFileType = sourcecode.swift; path = MainVC.swift; sourceTree = "<group>"; };
		88F2AAFC232A6B7200DBE713 /* Base */ = {isa = PBXFileReference; lastKnownFileType = file.storyboard; name = Base; path = Base.lproj/Main.storyboard; sourceTree = "<group>"; };
		88F2AAFE232A6B7300DBE713 /* Assets.xcassets */ = {isa = PBXFileReference; lastKnownFileType = folder.assetcatalog; path = Assets.xcassets; sourceTree = "<group>"; };
		88F2AB01232A6B7300DBE713 /* Base */ = {isa = PBXFileReference; lastKnownFileType = file.storyboard; name = Base; path = Base.lproj/LaunchScreen.storyboard; sourceTree = "<group>"; };
		88F2AB03232A6B7300DBE713 /* Info.plist */ = {isa = PBXFileReference; lastKnownFileType = text.plist.xml; path = Info.plist; sourceTree = "<group>"; };
		88F2AB0D232A6CF800DBE713 /* TableViewCell.swift */ = {isa = PBXFileReference; lastKnownFileType = sourcecode.swift; path = TableViewCell.swift; sourceTree = "<group>"; };
		88F2AB0E232A6CF800DBE713 /* TableViewCell.xib */ = {isa = PBXFileReference; lastKnownFileType = file.xib; path = TableViewCell.xib; sourceTree = "<group>"; };
		88F2AB13232A6D6F00DBE713 /* Posts.swift */ = {isa = PBXFileReference; lastKnownFileType = sourcecode.swift; path = Posts.swift; sourceTree = "<group>"; };
		88F2AB15232A6DC400DBE713 /* HTTPClient.swift */ = {isa = PBXFileReference; lastKnownFileType = sourcecode.swift; path = HTTPClient.swift; sourceTree = "<group>"; };
/* End PBXFileReference section */

/* Begin PBXFrameworksBuildPhase section */
		88F2AAF1232A6B7200DBE713 /* Frameworks */ = {
			isa = PBXFrameworksBuildPhase;
			buildActionMask = 2147483647;
			files = (
			);
			runOnlyForDeploymentPostprocessing = 0;
		};
/* End PBXFrameworksBuildPhase section */

/* Begin PBXGroup section */
		88F2AAEB232A6B7200DBE713 = {
			isa = PBXGroup;
			children = (
				88F2AAF6232A6B7200DBE713 /* TableViewPagination */,
				88F2AAF5232A6B7200DBE713 /* Products */,
			);
			sourceTree = "<group>";
		};
		88F2AAF5232A6B7200DBE713 /* Products */ = {
			isa = PBXGroup;
			children = (
				88F2AAF4232A6B7200DBE713 /* TableViewPagination.app */,
			);
			name = Products;
			sourceTree = "<group>";
		};
		88F2AAF6232A6B7200DBE713 /* TableViewPagination */ = {
			isa = PBXGroup;
			children = (
				88F2AAF7232A6B7200DBE713 /* AppDelegate.swift */,
				88F2AB0C232A6C5800DBE713 /* DataProvider */,
				88F2AB0A232A6C4200DBE713 /* View */,
				88F2AB09232A6C3400DBE713 /* Controller */,
				88F2AB0B232A6C4B00DBE713 /* Storyboard */,
				88F2AAFE232A6B7300DBE713 /* Assets.xcassets */,
				88F2AB03232A6B7300DBE713 /* Info.plist */,
			);
			path = TableViewPagination;
			sourceTree = "<group>";
		};
		88F2AB09232A6C3400DBE713 /* Controller */ = {
			isa = PBXGroup;
			children = (
				88F2AAF9232A6B7200DBE713 /* MainVC.swift */,
			);
			path = Controller;
			sourceTree = "<group>";
		};
		88F2AB0A232A6C4200DBE713 /* View */ = {
			isa = PBXGroup;
			children = (
				88F2AB0D232A6CF800DBE713 /* TableViewCell.swift */,
				88F2AB0E232A6CF800DBE713 /* TableViewCell.xib */,
			);
			path = View;
			sourceTree = "<group>";
		};
		88F2AB0B232A6C4B00DBE713 /* Storyboard */ = {
			isa = PBXGroup;
			children = (
				88F2AB00232A6B7300DBE713 /* LaunchScreen.storyboard */,
				88F2AAFB232A6B7200DBE713 /* Main.storyboard */,
			);
			path = Storyboard;
			sourceTree = "<group>";
		};
		88F2AB0C232A6C5800DBE713 /* DataProvider */ = {
			isa = PBXGroup;
			children = (
				88F2AB12232A6D4B00DBE713 /* dto */,
				88F2AB11232A6D2E00DBE713 /* WebService */,
			);
			path = DataProvider;
			sourceTree = "<group>";
		};
		88F2AB11232A6D2E00DBE713 /* WebService */ = {
			isa = PBXGroup;
			children = (
				88F2AB15232A6DC400DBE713 /* HTTPClient.swift */,
			);
			path = WebService;
			sourceTree = "<group>";
		};
		88F2AB12232A6D4B00DBE713 /* dto */ = {
			isa = PBXGroup;
			children = (
				88F2AB13232A6D6F00DBE713 /* Posts.swift */,
			);
			path = dto;
			sourceTree = "<group>";
		};
/* End PBXGroup section */

/* Begin PBXNativeTarget section */
		88F2AAF3232A6B7200DBE713 /* TableViewPagination */ = {
			isa = PBXNativeTarget;
			buildConfigurationList = 88F2AB06232A6B7300DBE713 /* Build configuration list for PBXNativeTarget "TableViewPagination" */;
			buildPhases = (
				88F2AAF0232A6B7200DBE713 /* Sources */,
				88F2AAF1232A6B7200DBE713 /* Frameworks */,
				88F2AAF2232A6B7200DBE713 /* Resources */,
			);
			buildRules = (
			);
			dependencies = (
			);
			name = TableViewPagination;
			productName = TableViewPagination;
			productReference = 88F2AAF4232A6B7200DBE713 /* TableViewPagination.app */;
			productType = "com.apple.product-type.application";
		};
/* End PBXNativeTarget section */

/* Begin PBXProject section */
		88F2AAEC232A6B7200DBE713 /* Project object */ = {
			isa = PBXProject;
			attributes = {
				LastSwiftUpdateCheck = 1030;
				LastUpgradeCheck = 1030;
				ORGANIZATIONNAME = "Ahmed Samir";
				TargetAttributes = {
					88F2AAF3232A6B7200DBE713 = {
						CreatedOnToolsVersion = 10.3;
					};
				};
			};
			buildConfigurationList = 88F2AAEF232A6B7200DBE713 /* Build configuration list for PBXProject "TableViewPagination" */;
			compatibilityVersion = "Xcode 9.3";
			developmentRegion = en;
			hasScannedForEncodings = 0;
			knownRegions = (
				en,
				Base,
			);
			mainGroup = 88F2AAEB232A6B7200DBE713;
			productRefGroup = 88F2AAF5232A6B7200DBE713 /* Products */;
			projectDirPath = "";
			projectRoot = "";
			targets = (
				88F2AAF3232A6B7200DBE713 /* TableViewPagination */,
			);
		};
/* End PBXProject section */

/* Begin PBXResourcesBuildPhase section */
		88F2AAF2232A6B7200DBE713 /* Resources */ = {
			isa = PBXResourcesBuildPhase;
			buildActionMask = 2147483647;
			files = (
				88F2AB02232A6B7300DBE713 /* LaunchScreen.storyboard in Resources */,
				88F2AB10232A6CF800DBE713 /* TableViewCell.xib in Resources */,
				88F2AAFF232A6B7300DBE713 /* Assets.xcassets in Resources */,
				88F2AAFD232A6B7200DBE713 /* Main.storyboard in Resources */,
			);
			runOnlyForDeploymentPostprocessing = 0;
		};
/* End PBXResourcesBuildPhase section */

/* Begin PBXSourcesBuildPhase section */
		88F2AAF0232A6B7200DBE713 /* Sources */ = {
			isa = PBXSourcesBuildPhase;
			buildActionMask = 2147483647;
			files = (
				88F2AB0F232A6CF800DBE713 /* TableViewCell.swift in Sources */,
				88F2AB16232A6DC400DBE713 /* HTTPClient.swift in Sources */,
				88F2AAFA232A6B7200DBE713 /* MainVC.swift in Sources */,
				88F2AAF8232A6B7200DBE713 /* AppDelegate.swift in Sources */,
				88F2AB14232A6D6F00DBE713 /* Posts.swift in Sources */,
			);
			runOnlyForDeploymentPostprocessing = 0;
		};
/* End PBXSourcesBuildPhase section */

/* Begin PBXVariantGroup section */
		88F2AAFB232A6B7200DBE713 /* Main.storyboard */ = {
			isa = PBXVariantGroup;
			children = (
				88F2AAFC232A6B7200DBE713 /* Base */,
			);
			name = Main.storyboard;
			sourceTree = "<group>";
		};
		88F2AB00232A6B7300DBE713 /* LaunchScreen.storyboard */ = {
			isa = PBXVariantGroup;
			children = (
				88F2AB01232A6B7300DBE713 /* Base */,
			);
			name = LaunchScreen.storyboard;
			sourceTree = "<group>";
		};
/* End PBXVariantGroup section */

/* Begin XCBuildConfiguration section */
		88F2AB04232A6B7300DBE713 /* Debug */ = {
			isa = XCBuildConfiguration;
			buildSettings = {
				ALWAYS_SEARCH_USER_PATHS = NO;
				CLANG_ANALYZER_NONNULL = YES;
				CLANG_ANALYZER_NUMBER_OBJECT_CONVERSION = YES_AGGRESSIVE;
				CLANG_CXX_LANGUAGE_STANDARD = "gnu++14";
				CLANG_CXX_LIBRARY = "libc++";
				CLANG_ENABLE_MODULES = YES;
				CLANG_ENABLE_OBJC_ARC = YES;
				CLANG_ENABLE_OBJC_WEAK = YES;
				CLANG_WARN_BLOCK_CAPTURE_AUTORELEASING = YES;
				CLANG_WARN_BOOL_CONVERSION = YES;
				CLANG_WARN_COMMA = YES;
				CLANG_WARN_CONSTANT_CONVERSION = YES;
				CLANG_WARN_DEPRECATED_OBJC_IMPLEMENTATIONS = YES;
				CLANG_WARN_DIRECT_OBJC_ISA_USAGE = YES_ERROR;
				CLANG_WARN_DOCUMENTATION_COMMENTS = YES;
				CLANG_WARN_EMPTY_BODY = YES;
				CLANG_WARN_ENUM_CONVERSION = YES;
				CLANG_WARN_INFINITE_RECURSION = YES;
				CLANG_WARN_INT_CONVERSION = YES;
				CLANG_WARN_NON_LITERAL_NULL_CONVERSION = YES;
				CLANG_WARN_OBJC_IMPLICIT_RETAIN_SELF = YES;
				CLANG_WARN_OBJC_LITERAL_CONVERSION = YES;
				CLANG_WARN_OBJC_ROOT_CLASS = YES_ERROR;
				CLANG_WARN_RANGE_LOOP_ANALYSIS = YES;
				CLANG_WARN_STRICT_PROTOTYPES = YES;
				CLANG_WARN_SUSPICIOUS_MOVE = YES;
				CLANG_WARN_UNGUARDED_AVAILABILITY = YES_AGGRESSIVE;
				CLANG_WARN_UNREACHABLE_CODE = YES;
				CLANG_WARN__DUPLICATE_METHOD_MATCH = YES;
				CODE_SIGN_IDENTITY = "iPhone Developer";
				COPY_PHASE_STRIP = NO;
				DEBUG_INFORMATION_FORMAT = dwarf;
				ENABLE_STRICT_OBJC_MSGSEND = YES;
				ENABLE_TESTABILITY = YES;
				GCC_C_LANGUAGE_STANDARD = gnu11;
				GCC_DYNAMIC_NO_PIC = NO;
				GCC_NO_COMMON_BLOCKS = YES;
				GCC_OPTIMIZATION_LEVEL = 0;
				GCC_PREPROCESSOR_DEFINITIONS = (
					"DEBUG=1",
					"$(inherited)",
				);
				GCC_WARN_64_TO_32_BIT_CONVERSION = YES;
				GCC_WARN_ABOUT_RETURN_TYPE = YES_ERROR;
				GCC_WARN_UNDECLARED_SELECTOR = YES;
				GCC_WARN_UNINITIALIZED_AUTOS = YES_AGGRESSIVE;
				GCC_WARN_UNUSED_FUNCTION = YES;
				GCC_WARN_UNUSED_VARIABLE = YES;
				IPHONEOS_DEPLOYMENT_TARGET = 12.4;
				MTL_ENABLE_DEBUG_INFO = INCLUDE_SOURCE;
				MTL_FAST_MATH = YES;
				ONLY_ACTIVE_ARCH = YES;
				SDKROOT = iphoneos;
				SWIFT_ACTIVE_COMPILATION_CONDITIONS = DEBUG;
				SWIFT_OPTIMIZATION_LEVEL = "-Onone";
			};
			name = Debug;
		};
		88F2AB05232A6B7300DBE713 /* Release */ = {
			isa = XCBuildConfiguration;
			buildSettings = {
				ALWAYS_SEARCH_USER_PATHS = NO;
				CLANG_ANALYZER_NONNULL = YES;
				CLANG_ANALYZER_NUMBER_OBJECT_CONVERSION = YES_AGGRESSIVE;
				CLANG_CXX_LANGUAGE_STANDARD = "gnu++14";
				CLANG_CXX_LIBRARY = "libc++";
				CLANG_ENABLE_MODULES = YES;
				CLANG_ENABLE_OBJC_ARC = YES;
				CLANG_ENABLE_OBJC_WEAK = YES;
				CLANG_WARN_BLOCK_CAPTURE_AUTORELEASING = YES;
				CLANG_WARN_BOOL_CONVERSION = YES;
				CLANG_WARN_COMMA = YES;
				CLANG_WARN_CONSTANT_CONVERSION = YES;
				CLANG_WARN_DEPRECATED_OBJC_IMPLEMENTATIONS = YES;
				CLANG_WARN_DIRECT_OBJC_ISA_USAGE = YES_ERROR;
				CLANG_WARN_DOCUMENTATION_COMMENTS = YES;
				CLANG_WARN_EMPTY_BODY = YES;
				CLANG_WARN_ENUM_CONVERSION = YES;
				CLANG_WARN_INFINITE_RECURSION = YES;
				CLANG_WARN_INT_CONVERSION = YES;
				CLANG_WARN_NON_LITERAL_NULL_CONVERSION = YES;
				CLANG_WARN_OBJC_IMPLICIT_RETAIN_SELF = YES;
				CLANG_WARN_OBJC_LITERAL_CONVERSION = YES;
				CLANG_WARN_OBJC_ROOT_CLASS = YES_ERROR;
				CLANG_WARN_RANGE_LOOP_ANALYSIS = YES;
				CLANG_WARN_STRICT_PROTOTYPES = YES;
				CLANG_WARN_SUSPICIOUS_MOVE = YES;
				CLANG_WARN_UNGUARDED_AVAILABILITY = YES_AGGRESSIVE;
				CLANG_WARN_UNREACHABLE_CODE = YES;
				CLANG_WARN__DUPLICATE_METHOD_MATCH = YES;
				CODE_SIGN_IDENTITY = "iPhone Developer";
				COPY_PHASE_STRIP = NO;
				DEBUG_INFORMATION_FORMAT = "dwarf-with-dsym";
				ENABLE_NS_ASSERTIONS = NO;
				ENABLE_STRICT_OBJC_MSGSEND = YES;
				GCC_C_LANGUAGE_STANDARD = gnu11;
				GCC_NO_COMMON_BLOCKS = YES;
				GCC_WARN_64_TO_32_BIT_CONVERSION = YES;
				GCC_WARN_ABOUT_RETURN_TYPE = YES_ERROR;
				GCC_WARN_UNDECLARED_SELECTOR = YES;
				GCC_WARN_UNINITIALIZED_AUTOS = YES_AGGRESSIVE;
				GCC_WARN_UNUSED_FUNCTION = YES;
				GCC_WARN_UNUSED_VARIABLE = YES;
				IPHONEOS_DEPLOYMENT_TARGET = 12.4;
				MTL_ENABLE_DEBUG_INFO = NO;
				MTL_FAST_MATH = YES;
				SDKROOT = iphoneos;
				SWIFT_COMPILATION_MODE = wholemodule;
				SWIFT_OPTIMIZATION_LEVEL = "-O";
				VALIDATE_PRODUCT = YES;
			};
			name = Release;
		};
		88F2AB07232A6B7300DBE713 /* Debug */ = {
			isa = XCBuildConfiguration;
			buildSettings = {
				ASSETCATALOG_COMPILER_APPICON_NAME = AppIcon;
				CODE_SIGN_STYLE = Automatic;
				DEVELOPMENT_TEAM = SXZT49N399;
				INFOPLIST_FILE = TableViewPagination/Info.plist;
				LD_RUNPATH_SEARCH_PATHS = (
					"$(inherited)",
					"@executable_path/Frameworks",
				);
				PRODUCT_BUNDLE_IDENTIFIER = com.A7medS94.TableViewPagination;
				PRODUCT_NAME = "$(TARGET_NAME)";
				SWIFT_VERSION = 5.0;
				TARGETED_DEVICE_FAMILY = "1,2";
			};
			name = Debug;
		};
		88F2AB08232A6B7300DBE713 /* Release */ = {
			isa = XCBuildConfiguration;
			buildSettings = {
				ASSETCATALOG_COMPILER_APPICON_NAME = AppIcon;
				CODE_SIGN_STYLE = Automatic;
				DEVELOPMENT_TEAM = SXZT49N399;
				INFOPLIST_FILE = TableViewPagination/Info.plist;
				LD_RUNPATH_SEARCH_PATHS = (
					"$(inherited)",
					"@executable_path/Frameworks",
				);
				PRODUCT_BUNDLE_IDENTIFIER = com.A7medS94.TableViewPagination;
				PRODUCT_NAME = "$(TARGET_NAME)";
				SWIFT_VERSION = 5.0;
				TARGETED_DEVICE_FAMILY = "1,2";
			};
			name = Release;
		};
/* End XCBuildConfiguration section */

/* Begin XCConfigurationList section */
		88F2AAEF232A6B7200DBE713 /* Build configuration list for PBXProject "TableViewPagination" */ = {
			isa = XCConfigurationList;
			buildConfigurations = (
				88F2AB04232A6B7300DBE713 /* Debug */,
				88F2AB05232A6B7300DBE713 /* Release */,
			);
			defaultConfigurationIsVisible = 0;
			defaultConfigurationName = Release;
		};
		88F2AB06232A6B7300DBE713 /* Build configuration list for PBXNativeTarget "TableViewPagination" */ = {
			isa = XCConfigurationList;
			buildConfigurations = (
				88F2AB07232A6B7300DBE713 /* Debug */,
				88F2AB08232A6B7300DBE713 /* Release */,
			);
			defaultConfigurationIsVisible = 0;
			defaultConfigurationName = Release;
		};
/* End XCConfigurationList section */
	};
	rootObject = 88F2AAEC232A6B7200DBE713 /* Project object */;
}
